
Microsoft Visual Studio Solution File, Format Version 12.00
# Visual Studio Version 17
VisualStudioVersion = 17.7.34031.279
MinimumVisualStudioVersion = 10.0.40219.1
Project("{FAE04EC0-301F-11D3-BF4B-00C04F79EFBC}") = "Test.TS.WebApplication1", "Test.TS.WebApplication1\Test.TS.WebApplication1.csproj", "{58D420A2-1BBE-4EB6-A4FF-C5E32F9451AB}"
EndProject
Global
	GlobalSection(SolutionConfigurationPlatforms) = preSolution
		Debug|Any CPU = Debug|Any CPU
		Release|Any CPU = Release|Any CPU
	EndGlobalSection
	GlobalSection(ProjectConfigurationPlatforms) = postSolution
		{58D420A2-1BBE-4EB6-A4FF-C5E32F9451AB}.Debug|Any CPU.ActiveCfg = Debug|Any CPU
		{58D420A2-1BBE-4EB6-A4FF-C5E32F9451AB}.Debug|Any CPU.Build.0 = Debug|Any CPU
		{58D420A2-1BBE-4EB6-A4FF-C5E32F9451AB}.Release|Any CPU.ActiveCfg = Release|Any CPU
		{58D420A2-1BBE-4EB6-A4FF-C5E32F9451AB}.Release|Any CPU.Build.0 = Release|Any CPU
	EndGlobalSection
	GlobalSection(SolutionProperties) = preSolution
		HideSolutionNode = FALSE
	EndGlobalSection
	GlobalSection(ExtensibilityGlobals) = postSolution
		SolutionGuid = {86DFCFB2-CB86-4B77-86BC-05CA0F8BFE32}
	EndGlobalSection
EndGlobal
